
Microsoft Visual Studio Solution File, Format Version 12.00
# Visual Studio 14
VisualStudioVersion = 14.0.25402.0
MinimumVisualStudioVersion = 10.0.40219.1
Project("{FAE04EC0-301F-11D3-BF4B-00C04F79EFBC}") = "NetWCF.Server", "NetWCF.Server\NetWCF.Server.csproj", "{F77C1059-4382-4D48-96C7-0A0A10A3A722}"
EndProject
Project("{FAE04EC0-301F-11D3-BF4B-00C04F79EFBC}") = "NetWCF.Client", "NetWCF.Client\NetWCF.Client.csproj", "{43B0B0ED-EBAE-4A6D-B02E-DF7F41D29FAD}"
EndProject
Project("{FAE04EC0-301F-11D3-BF4B-00C04F79EFBC}") = "NetWCF.Impl", "NetWCF.Impl\NetWCF.Impl.csproj", "{EF2ADC23-FC17-48FD-84C6-91ECAD0BEBBC}"
EndProject
Project("{FAE04EC0-301F-11D3-BF4B-00C04F79EFBC}") = "NetWCF.ConfTestServer", "NetWCF.ConfTestServer\NetWCF.ConfTestServer.csproj", "{8E843331-9656-45DE-B080-C4954E3F2DA8}"
EndProject
Project("{2150E333-8FDC-42A3-9474-1A3956D46DE8}") = "题库资源服务", "题库资源服务", "{993320F1-B746-44C3-A8D2-A768CCD49A41}"
EndProject
Project("{FAE04EC0-301F-11D3-BF4B-00C04F79EFBC}") = "Zxxk.Ques.Server", "Zxxk.Ques.Server\Zxxk.Ques.Server.csproj", "{E5DB7868-71F9-43C0-9687-2EC1B0D2A2F5}"
EndProject
Project("{FAE04EC0-301F-11D3-BF4B-00C04F79EFBC}") = "Zxxk.Ques.Business", "Zxxk.Ques.Business\Zxxk.Ques.Business.csproj", "{4C009917-9D31-4E99-B010-948667117299}"
EndProject
Project("{FAE04EC0-301F-11D3-BF4B-00C04F79EFBC}") = "Zxxk.Ques.Access", "Zxxk.Ques.Access\Zxxk.Ques.Access.csproj", "{0006D48D-978E-4FE0-9A21-08B896938E5D}"
EndProject
Project("{FAE04EC0-301F-11D3-BF4B-00C04F79EFBC}") = "Zxxk.Ques.Core", "Zxxk.Ques.Core\Zxxk.Ques.Core.csproj", "{5042651F-C428-4FEB-B8A5-566D6B51497C}"
EndProject
Project("{FAE04EC0-301F-11D3-BF4B-00C04F79EFBC}") = "Zxxk.Ques.Entites", "Zxxk.Ques.Entites\Zxxk.Ques.Entites.csproj", "{FF0161B0-BD85-4E8D-B792-2AB2FB09F4B9}"
EndProject
Global
	GlobalSection(SolutionConfigurationPlatforms) = preSolution
		Debug|Any CPU = Debug|Any CPU
		Release|Any CPU = Release|Any CPU
	EndGlobalSection
	GlobalSection(ProjectConfigurationPlatforms) = postSolution
		{F77C1059-4382-4D48-96C7-0A0A10A3A722}.Debug|Any CPU.ActiveCfg = Debug|Any CPU
		{F77C1059-4382-4D48-96C7-0A0A10A3A722}.Debug|Any CPU.Build.0 = Debug|Any CPU
		{F77C1059-4382-4D48-96C7-0A0A10A3A722}.Release|Any CPU.ActiveCfg = Release|Any CPU
		{F77C1059-4382-4D48-96C7-0A0A10A3A722}.Release|Any CPU.Build.0 = Release|Any CPU
		{43B0B0ED-EBAE-4A6D-B02E-DF7F41D29FAD}.Debug|Any CPU.ActiveCfg = Debug|Any CPU
		{43B0B0ED-EBAE-4A6D-B02E-DF7F41D29FAD}.Debug|Any CPU.Build.0 = Debug|Any CPU
		{43B0B0ED-EBAE-4A6D-B02E-DF7F41D29FAD}.Release|Any CPU.ActiveCfg = Release|Any CPU
		{43B0B0ED-EBAE-4A6D-B02E-DF7F41D29FAD}.Release|Any CPU.Build.0 = Release|Any CPU
		{EF2ADC23-FC17-48FD-84C6-91ECAD0BEBBC}.Debug|Any CPU.ActiveCfg = Debug|Any CPU
		{EF2ADC23-FC17-48FD-84C6-91ECAD0BEBBC}.Debug|Any CPU.Build.0 = Debug|Any CPU
		{EF2ADC23-FC17-48FD-84C6-91ECAD0BEBBC}.Release|Any CPU.ActiveCfg = Release|Any CPU
		{EF2ADC23-FC17-48FD-84C6-91ECAD0BEBBC}.Release|Any CPU.Build.0 = Release|Any CPU
		{8E843331-9656-45DE-B080-C4954E3F2DA8}.Debug|Any CPU.ActiveCfg = Debug|Any CPU
		{8E843331-9656-45DE-B080-C4954E3F2DA8}.Debug|Any CPU.Build.0 = Debug|Any CPU
		{8E843331-9656-45DE-B080-C4954E3F2DA8}.Release|Any CPU.ActiveCfg = Release|Any CPU
		{8E843331-9656-45DE-B080-C4954E3F2DA8}.Release|Any CPU.Build.0 = Release|Any CPU
		{E5DB7868-71F9-43C0-9687-2EC1B0D2A2F5}.Debug|Any CPU.ActiveCfg = Debug|Any CPU
		{E5DB7868-71F9-43C0-9687-2EC1B0D2A2F5}.Debug|Any CPU.Build.0 = Debug|Any CPU
		{E5DB7868-71F9-43C0-9687-2EC1B0D2A2F5}.Release|Any CPU.ActiveCfg = Release|Any CPU
		{E5DB7868-71F9-43C0-9687-2EC1B0D2A2F5}.Release|Any CPU.Build.0 = Release|Any CPU
		{4C009917-9D31-4E99-B010-948667117299}.Debug|Any CPU.ActiveCfg = Debug|Any CPU
		{4C009917-9D31-4E99-B010-948667117299}.Debug|Any CPU.Build.0 = Debug|Any CPU
		{4C009917-9D31-4E99-B010-948667117299}.Release|Any CPU.ActiveCfg = Release|Any CPU
		{4C009917-9D31-4E99-B010-948667117299}.Release|Any CPU.Build.0 = Release|Any CPU
		{0006D48D-978E-4FE0-9A21-08B896938E5D}.Debug|Any CPU.ActiveCfg = Debug|Any CPU
		{0006D48D-978E-4FE0-9A21-08B896938E5D}.Debug|Any CPU.Build.0 = Debug|Any CPU
		{0006D48D-978E-4FE0-9A21-08B896938E5D}.Release|Any CPU.ActiveCfg = Release|Any CPU
		{0006D48D-978E-4FE0-9A21-08B896938E5D}.Release|Any CPU.Build.0 = Release|Any CPU
		{5042651F-C428-4FEB-B8A5-566D6B51497C}.Debug|Any CPU.ActiveCfg = Debug|Any CPU
		{5042651F-C428-4FEB-B8A5-566D6B51497C}.Debug|Any CPU.Build.0 = Debug|Any CPU
		{5042651F-C428-4FEB-B8A5-566D6B51497C}.Release|Any CPU.ActiveCfg = Release|Any CPU
		{5042651F-C428-4FEB-B8A5-566D6B51497C}.Release|Any CPU.Build.0 = Release|Any CPU
		{FF0161B0-BD85-4E8D-B792-2AB2FB09F4B9}.Debug|Any CPU.ActiveCfg = Debug|Any CPU
		{FF0161B0-BD85-4E8D-B792-2AB2FB09F4B9}.Debug|Any CPU.Build.0 = Debug|Any CPU
		{FF0161B0-BD85-4E8D-B792-2AB2FB09F4B9}.Release|Any CPU.ActiveCfg = Release|Any CPU
		{FF0161B0-BD85-4E8D-B792-2AB2FB09F4B9}.Release|Any CPU.Build.0 = Release|Any CPU
	EndGlobalSection
	GlobalSection(SolutionProperties) = preSolution
		HideSolutionNode = FALSE
	EndGlobalSection
	GlobalSection(NestedProjects) = preSolution
		{E5DB7868-71F9-43C0-9687-2EC1B0D2A2F5} = {993320F1-B746-44C3-A8D2-A768CCD49A41}
		{4C009917-9D31-4E99-B010-948667117299} = {993320F1-B746-44C3-A8D2-A768CCD49A41}
		{0006D48D-978E-4FE0-9A21-08B896938E5D} = {993320F1-B746-44C3-A8D2-A768CCD49A41}
		{5042651F-C428-4FEB-B8A5-566D6B51497C} = {993320F1-B746-44C3-A8D2-A768CCD49A41}
		{FF0161B0-BD85-4E8D-B792-2AB2FB09F4B9} = {993320F1-B746-44C3-A8D2-A768CCD49A41}
	EndGlobalSection
EndGlobal
